
Microsoft Visual Studio Solution File, Format Version 12.00
# Visual Studio Version 16
VisualStudioVersion = 16.0.33328.57
MinimumVisualStudioVersion = 10.0.40219.1
Project("{FAE04EC0-301F-11D3-BF4B-00C04F79EFBC}") = "dcAllahBot", "dcAllahBot.csproj", "{AFA5A8B6-9743-43AD-9CBE-2AE5865F5270}"
EndProject
Global
	GlobalSection(SolutionConfigurationPlatforms) = preSolution
		Debug|Any CPU = Debug|Any CPU
		Release|Any CPU = Release|Any CPU
	EndGlobalSection
	GlobalSection(ProjectConfigurationPlatforms) = postSolution
		{AFA5A8B6-9743-43AD-9CBE-2AE5865F5270}.Debug|Any CPU.ActiveCfg = Debug|Any CPU
		{AFA5A8B6-9743-43AD-9CBE-2AE5865F5270}.Debug|Any CPU.Build.0 = Debug|Any CPU
		{AFA5A8B6-9743-43AD-9CBE-2AE5865F5270}.Release|Any CPU.ActiveCfg = Release|Any CPU
		{AFA5A8B6-9743-43AD-9CBE-2AE5865F5270}.Release|Any CPU.Build.0 = Release|Any CPU
	EndGlobalSection
	GlobalSection(SolutionProperties) = preSolution
		HideSolutionNode = FALSE
	EndGlobalSection
	GlobalSection(ExtensibilityGlobals) = postSolution
		SolutionGuid = {0AE999B0-96B8-4579-9E94-3AD69288B9AB}
	EndGlobalSection
EndGlobal
